
Microsoft Visual Studio Solution File, Format Version 12.00
# Visual Studio Version 16
VisualStudioVersion = 16.0.810.5
MinimumVisualStudioVersion = 10.0.40219.1
Project("{FAE04EC0-301F-11D3-BF4B-00C04F79EFBC}") = "RedSkyAPI", "RedSkyAPI\RedSkyAPI.csproj", "{475E87E2-99CE-4786-B93C-C7BD7EF0E3F7}"
EndProject
Global
	GlobalSection(SolutionConfigurationPlatforms) = preSolution
		Debug|Any CPU = Debug|Any CPU
		Release|Any CPU = Release|Any CPU
	EndGlobalSection
	GlobalSection(ProjectConfigurationPlatforms) = postSolution
		{475E87E2-99CE-4786-B93C-C7BD7EF0E3F7}.Debug|Any CPU.ActiveCfg = Debug|Any CPU
		{475E87E2-99CE-4786-B93C-C7BD7EF0E3F7}.Debug|Any CPU.Build.0 = Debug|Any CPU
		{475E87E2-99CE-4786-B93C-C7BD7EF0E3F7}.Release|Any CPU.ActiveCfg = Release|Any CPU
		{475E87E2-99CE-4786-B93C-C7BD7EF0E3F7}.Release|Any CPU.Build.0 = Release|Any CPU
	EndGlobalSection
	GlobalSection(SolutionProperties) = preSolution
		HideSolutionNode = FALSE
	EndGlobalSection
	GlobalSection(ExtensibilityGlobals) = postSolution
		SolutionGuid = {C47C2A07-1CE1-4D9B-9921-8E733DD344F3}
	EndGlobalSection
EndGlobal
